// !$*UTF8*$!
{
	archiveVersion = 1;
	classes = {
	};
	objectVersion = 50;
	objects = {

/* Begin PBXBuildFile section */
		882E863D247D804C00038E59 /* CoffeeCalculator.xcdatamodeld in Sources */ = {isa = PBXBuildFile; fileRef = 882E863B247D804C00038E59 /* CoffeeCalculator.xcdatamodeld */; };
		882E863E247D825F00038E59 /* CoffeeCalculator.xcdatamodeld in Sources */ = {isa = PBXBuildFile; fileRef = 882E863B247D804C00038E59 /* CoffeeCalculator.xcdatamodeld */; };
		882E8640247D829100038E59 /* Plan+Extensions.swift in Sources */ = {isa = PBXBuildFile; fileRef = 882E863F247D829100038E59 /* Plan+Extensions.swift */; };
		882E8642247D82AC00038E59 /* Stage+Extensions.swift in Sources */ = {isa = PBXBuildFile; fileRef = 882E8641247D82AC00038E59 /* Stage+Extensions.swift */; };
		882E8643247D82F400038E59 /* Plan+Extensions.swift in Sources */ = {isa = PBXBuildFile; fileRef = 882E863F247D829100038E59 /* Plan+Extensions.swift */; };
		882E8644247D82F800038E59 /* Stage+Extensions.swift in Sources */ = {isa = PBXBuildFile; fileRef = 882E8641247D82AC00038E59 /* Stage+Extensions.swift */; };
		884191F424352E17002D95EE /* AppDelegate.swift in Sources */ = {isa = PBXBuildFile; fileRef = 884191F324352E17002D95EE /* AppDelegate.swift */; };
		884191F624352E17002D95EE /* SceneDelegate.swift in Sources */ = {isa = PBXBuildFile; fileRef = 884191F524352E17002D95EE /* SceneDelegate.swift */; };
		884191F824352E17002D95EE /* ContentView.swift in Sources */ = {isa = PBXBuildFile; fileRef = 884191F724352E17002D95EE /* ContentView.swift */; };
		884191FA24352E1A002D95EE /* Assets.xcassets in Resources */ = {isa = PBXBuildFile; fileRef = 884191F924352E1A002D95EE /* Assets.xcassets */; };
		884191FD24352E1A002D95EE /* Preview Assets.xcassets in Resources */ = {isa = PBXBuildFile; fileRef = 884191FC24352E1A002D95EE /* Preview Assets.xcassets */; };
		8841920024352E1A002D95EE /* LaunchScreen.storyboard in Resources */ = {isa = PBXBuildFile; fileRef = 884191FE24352E1A002D95EE /* LaunchScreen.storyboard */; };
		8841920B24352E1A002D95EE /* TimerPlanModelTests.swift in Sources */ = {isa = PBXBuildFile; fileRef = 8841920A24352E1A002D95EE /* TimerPlanModelTests.swift */; };
		884192222435302B002D95EE /* BrewPlanModel.swift in Sources */ = {isa = PBXBuildFile; fileRef = 884631532409D3BC00C3CEC9 /* BrewPlanModel.swift */; };
		884192232435342B002D95EE /* TimerHolder.swift in Sources */ = {isa = PBXBuildFile; fileRef = 884630B123F7481000C3CEC9 /* TimerHolder.swift */; };
		8841922624354ED9002D95EE /* CalculatorView.swift in Sources */ = {isa = PBXBuildFile; fileRef = 8841922524354ED9002D95EE /* CalculatorView.swift */; };
		88419228243651EA002D95EE /* TimerSubscriber.swift in Sources */ = {isa = PBXBuildFile; fileRef = 88419227243651EA002D95EE /* TimerSubscriber.swift */; };
		88419229243651EA002D95EE /* TimerSubscriber.swift in Sources */ = {isa = PBXBuildFile; fileRef = 88419227243651EA002D95EE /* TimerSubscriber.swift */; };
		8841922B243652E1002D95EE /* TimerPlanModel.swift in Sources */ = {isa = PBXBuildFile; fileRef = 8841922A243652E1002D95EE /* TimerPlanModel.swift */; };
		8841922C243652E1002D95EE /* TimerPlanModel.swift in Sources */ = {isa = PBXBuildFile; fileRef = 8841922A243652E1002D95EE /* TimerPlanModel.swift */; };
		8841922F243658C9002D95EE /* TimerView.swift in Sources */ = {isa = PBXBuildFile; fileRef = 8841922E243658C9002D95EE /* TimerView.swift */; };
		8841923124365969002D95EE /* TimerPlanView.swift in Sources */ = {isa = PBXBuildFile; fileRef = 8841923024365969002D95EE /* TimerPlanView.swift */; };
		8841923424366342002D95EE /* CaffeineView.swift in Sources */ = {isa = PBXBuildFile; fileRef = 8841923324366342002D95EE /* CaffeineView.swift */; };
		8841923724366569002D95EE /* HealthKit.framework in Frameworks */ = {isa = PBXBuildFile; fileRef = 8841923624366569002D95EE /* HealthKit.framework */; };
		884192392436A6F8002D95EE /* HapticHolder.swift in Sources */ = {isa = PBXBuildFile; fileRef = 884192382436A6F8002D95EE /* HapticHolder.swift */; };
		884630B023F747F000C3CEC9 /* CalculatorViewModel.swift in Sources */ = {isa = PBXBuildFile; fileRef = 884630AF23F747F000C3CEC9 /* CalculatorViewModel.swift */; };
		884630B223F7481000C3CEC9 /* TimerHolder.swift in Sources */ = {isa = PBXBuildFile; fileRef = 884630B123F7481000C3CEC9 /* TimerHolder.swift */; };
		884630B423F7482F00C3CEC9 /* ExtendedSessionHolder.swift in Sources */ = {isa = PBXBuildFile; fileRef = 884630B323F7482F00C3CEC9 /* ExtendedSessionHolder.swift */; };
		884631072404773400C3CEC9 /* HealthKit.framework in Frameworks */ = {isa = PBXBuildFile; fileRef = 884631062404773400C3CEC9 /* HealthKit.framework */; };
		884631092404793C00C3CEC9 /* CaffeineView.swift in Sources */ = {isa = PBXBuildFile; fileRef = 884631082404793C00C3CEC9 /* CaffeineView.swift */; };
		884631502409D28200C3CEC9 /* TimerPlanView.swift in Sources */ = {isa = PBXBuildFile; fileRef = 8846314F2409D28200C3CEC9 /* TimerPlanView.swift */; };
		884631542409D3BC00C3CEC9 /* BrewPlanModel.swift in Sources */ = {isa = PBXBuildFile; fileRef = 884631532409D3BC00C3CEC9 /* BrewPlanModel.swift */; };
		88A045BC245CC30500993345 /* TimerPlanListView.swift in Sources */ = {isa = PBXBuildFile; fileRef = 88A045BB245CC30500993345 /* TimerPlanListView.swift */; };
		88A045BE2460907100993345 /* TimerPlanAddView.swift in Sources */ = {isa = PBXBuildFile; fileRef = 88A045BD2460907100993345 /* TimerPlanAddView.swift */; };
		88A045C02460A9B300993345 /* TimerStageEditView.swift in Sources */ = {isa = PBXBuildFile; fileRef = 88A045BF2460A9B300993345 /* TimerStageEditView.swift */; };
		88A04640246302FA00993345 /* TimerPlanListView1.swift in Sources */ = {isa = PBXBuildFile; fileRef = 88A0463F246302FA00993345 /* TimerPlanListView1.swift */; };
		88A046422463035400993345 /* TimerPlanView2.swift in Sources */ = {isa = PBXBuildFile; fileRef = 88A046412463035400993345 /* TimerPlanView2.swift */; };
		88A046442463036700993345 /* TimerStageEditView3.swift in Sources */ = {isa = PBXBuildFile; fileRef = 88A046432463036700993345 /* TimerStageEditView3.swift */; };
		88A046462463089400993345 /* TimerStageEditView3Wrap.swift in Sources */ = {isa = PBXBuildFile; fileRef = 88A046452463089400993345 /* TimerStageEditView3Wrap.swift */; };
		88A046482463118B00993345 /* TimerPlanRowView.swift in Sources */ = {isa = PBXBuildFile; fileRef = 88A046472463118B00993345 /* TimerPlanRowView.swift */; };
		88A0464A24631DB800993345 /* TimerPlanAddView1.swift in Sources */ = {isa = PBXBuildFile; fileRef = 88A0464924631DB800993345 /* TimerPlanAddView1.swift */; };
		88A0464C246320AA00993345 /* View+SheetBarItems.swift in Sources */ = {isa = PBXBuildFile; fileRef = 88A0464B246320AA00993345 /* View+SheetBarItems.swift */; };
		88A0465624646B8B00993345 /* TimerPlanView2Wrap.swift in Sources */ = {isa = PBXBuildFile; fileRef = 88A0465524646B8B00993345 /* TimerPlanView2Wrap.swift */; };
		88AD93EC2444E33700D5B4F7 /* SheetViewExtension.swift in Sources */ = {isa = PBXBuildFile; fileRef = 88AD93EB2444E33700D5B4F7 /* SheetViewExtension.swift */; };
		88AD93EE24455CFD00D5B4F7 /* ComplicationHandler.swift in Sources */ = {isa = PBXBuildFile; fileRef = 88AD93ED24455CFD00D5B4F7 /* ComplicationHandler.swift */; };
		88AD93F02446814600D5B4F7 /* HapticsHandler.swift in Sources */ = {isa = PBXBuildFile; fileRef = 88AD93EF2446814600D5B4F7 /* HapticsHandler.swift */; };
		88AD93F6244BBC4D00D5B4F7 /* TimerStageListView.swift in Sources */ = {isa = PBXBuildFile; fileRef = 88AD93F5244BBC4D00D5B4F7 /* TimerStageListView.swift */; };
		88AD93F8244D15C700D5B4F7 /* TimelineView.swift in Sources */ = {isa = PBXBuildFile; fileRef = 88AD93F7244D15C700D5B4F7 /* TimelineView.swift */; };
		88AD93FA2450D60400D5B4F7 /* TimerHolderTests.swift in Sources */ = {isa = PBXBuildFile; fileRef = 88AD93F92450D60400D5B4F7 /* TimerHolderTests.swift */; };
		88AD93FE245137AC00D5B4F7 /* TimelineView.swift in Sources */ = {isa = PBXBuildFile; fileRef = 88AD93F7244D15C700D5B4F7 /* TimelineView.swift */; };
		88AD9401245201B300D5B4F7 /* ExtendedRuntimeSessionable.swift in Sources */ = {isa = PBXBuildFile; fileRef = 88AD9400245201B300D5B4F7 /* ExtendedRuntimeSessionable.swift */; };
		88AD9402245201B300D5B4F7 /* ExtendedRuntimeSessionable.swift in Sources */ = {isa = PBXBuildFile; fileRef = 88AD9400245201B300D5B4F7 /* ExtendedRuntimeSessionable.swift */; };
		88AD9404245202E700D5B4F7 /* ExtendedRuntimeSessionHandler.swift in Sources */ = {isa = PBXBuildFile; fileRef = 88AD9403245202E700D5B4F7 /* ExtendedRuntimeSessionHandler.swift */; };
		88AD9405245202E700D5B4F7 /* ExtendedRuntimeSessionHandler.swift in Sources */ = {isa = PBXBuildFile; fileRef = 88AD9403245202E700D5B4F7 /* ExtendedRuntimeSessionHandler.swift */; };
		88AD940D2452105100D5B4F7 /* ExtendedSessionHolder.swift in Sources */ = {isa = PBXBuildFile; fileRef = 88AD940C2452105100D5B4F7 /* ExtendedSessionHolder.swift */; };
		88AD941224523CDA00D5B4F7 /* TimerStageListView.swift in Sources */ = {isa = PBXBuildFile; fileRef = 88AD941124523CDA00D5B4F7 /* TimerStageListView.swift */; };
		88B4223D23CF8EE80008707F /* CoffeeCalculator WatchKit App.app in Embed Watch Content */ = {isa = PBXBuildFile; fileRef = 88B4223C23CF8EE80008707F /* CoffeeCalculator WatchKit App.app */; settings = {ATTRIBUTES = (RemoveHeadersOnCopy, ); }; };
		88B4224323CF8EE80008707F /* Interface.storyboard in Resources */ = {isa = PBXBuildFile; fileRef = 88B4224123CF8EE80008707F /* Interface.storyboard */; };
		88B4224523CF8EE90008707F /* Assets.xcassets in Resources */ = {isa = PBXBuildFile; fileRef = 88B4224423CF8EE90008707F /* Assets.xcassets */; };
		88B4224C23CF8EE90008707F /* CoffeeCalculator WatchKit Extension.appex in Embed App Extensions */ = {isa = PBXBuildFile; fileRef = 88B4224B23CF8EE90008707F /* CoffeeCalculator WatchKit Extension.appex */; settings = {ATTRIBUTES = (RemoveHeadersOnCopy, ); }; };
		88B4225123CF8EE90008707F /* ContentView.swift in Sources */ = {isa = PBXBuildFile; fileRef = 88B4225023CF8EE90008707F /* ContentView.swift */; };
		88B4225323CF8EE90008707F /* HostingController.swift in Sources */ = {isa = PBXBuildFile; fileRef = 88B4225223CF8EE90008707F /* HostingController.swift */; };
		88B4225523CF8EE90008707F /* ExtensionDelegate.swift in Sources */ = {isa = PBXBuildFile; fileRef = 88B4225423CF8EE90008707F /* ExtensionDelegate.swift */; };
		88B4225723CF8EE90008707F /* NotificationController.swift in Sources */ = {isa = PBXBuildFile; fileRef = 88B4225623CF8EE90008707F /* NotificationController.swift */; };
		88B4225923CF8EE90008707F /* NotificationView.swift in Sources */ = {isa = PBXBuildFile; fileRef = 88B4225823CF8EE90008707F /* NotificationView.swift */; };
		88B4225B23CF8EE90008707F /* ComplicationController.swift in Sources */ = {isa = PBXBuildFile; fileRef = 88B4225A23CF8EE90008707F /* ComplicationController.swift */; };
		88B4225D23CF8EE90008707F /* Assets.xcassets in Resources */ = {isa = PBXBuildFile; fileRef = 88B4225C23CF8EE90008707F /* Assets.xcassets */; };
		88B4226023CF8EE90008707F /* Preview Assets.xcassets in Resources */ = {isa = PBXBuildFile; fileRef = 88B4225F23CF8EE90008707F /* Preview Assets.xcassets */; };
		88B4227123D788630008707F /* TimerView.swift in Sources */ = {isa = PBXBuildFile; fileRef = 88B4227023D788630008707F /* TimerView.swift */; };
		88B4227723DA21CF0008707F /* CalculatorView.swift in Sources */ = {isa = PBXBuildFile; fileRef = 88B4227623DA21CF0008707F /* CalculatorView.swift */; };
		88DC7135245A1EE600959CD8 /* HapticsHandler.swift in Sources */ = {isa = PBXBuildFile; fileRef = 88DC7134245A1EE600959CD8 /* HapticsHandler.swift */; };
/* End PBXBuildFile section */

/* Begin PBXContainerItemProxy section */
		8841920724352E1A002D95EE /* PBXContainerItemProxy */ = {
			isa = PBXContainerItemProxy;
			containerPortal = 88B4223223CF8EE70008707F /* Project object */;
			proxyType = 1;
			remoteGlobalIDString = 884191F024352E17002D95EE;
			remoteInfo = CoffeeCalculatoriOS;
		};
		88B4223E23CF8EE80008707F /* PBXContainerItemProxy */ = {
			isa = PBXContainerItemProxy;
			containerPortal = 88B4223223CF8EE70008707F /* Project object */;
			proxyType = 1;
			remoteGlobalIDString = 88B4223B23CF8EE80008707F;
			remoteInfo = "CoffeeCalculator WatchKit App";
		};
		88B4224D23CF8EE90008707F /* PBXContainerItemProxy */ = {
			isa = PBXContainerItemProxy;
			containerPortal = 88B4223223CF8EE70008707F /* Project object */;
			proxyType = 1;
			remoteGlobalIDString = 88B4224A23CF8EE90008707F;
			remoteInfo = "CoffeeCalculator WatchKit Extension";
		};
/* End PBXContainerItemProxy section */

/* Begin PBXCopyFilesBuildPhase section */
		88B4226823CF8EE90008707F /* Embed App Extensions */ = {
			isa = PBXCopyFilesBuildPhase;
			buildActionMask = 2147483647;
			dstPath = "";
			dstSubfolderSpec = 13;
			files = (
				88B4224C23CF8EE90008707F /* CoffeeCalculator WatchKit Extension.appex in Embed App Extensions */,
			);
			name = "Embed App Extensions";
			runOnlyForDeploymentPostprocessing = 0;
		};
		88B4226C23CF8EE90008707F /* Embed Watch Content */ = {
			isa = PBXCopyFilesBuildPhase;
			buildActionMask = 2147483647;
			dstPath = "$(CONTENTS_FOLDER_PATH)/Watch";
			dstSubfolderSpec = 16;
			files = (
				88B4223D23CF8EE80008707F /* CoffeeCalculator WatchKit App.app in Embed Watch Content */,
			);
			name = "Embed Watch Content";
			runOnlyForDeploymentPostprocessing = 0;
		};
/* End PBXCopyFilesBuildPhase section */

/* Begin PBXFileReference section */
		882E863C247D804C00038E59 /* CoffeeCalculator.xcdatamodel */ = {isa = PBXFileReference; lastKnownFileType = wrapper.xcdatamodel; path = CoffeeCalculator.xcdatamodel; sourceTree = "<group>"; };
		882E863F247D829100038E59 /* Plan+Extensions.swift */ = {isa = PBXFileReference; lastKnownFileType = sourcecode.swift; path = "Plan+Extensions.swift"; sourceTree = "<group>"; };
		882E8641247D82AC00038E59 /* Stage+Extensions.swift */ = {isa = PBXFileReference; lastKnownFileType = sourcecode.swift; path = "Stage+Extensions.swift"; sourceTree = "<group>"; };
		884191F124352E17002D95EE /* CoffeeCalculatoriOS.app */ = {isa = PBXFileReference; explicitFileType = wrapper.application; includeInIndex = 0; path = CoffeeCalculatoriOS.app; sourceTree = BUILT_PRODUCTS_DIR; };
		884191F324352E17002D95EE /* AppDelegate.swift */ = {isa = PBXFileReference; lastKnownFileType = sourcecode.swift; path = AppDelegate.swift; sourceTree = "<group>"; };
		884191F524352E17002D95EE /* SceneDelegate.swift */ = {isa = PBXFileReference; lastKnownFileType = sourcecode.swift; path = SceneDelegate.swift; sourceTree = "<group>"; };
		884191F724352E17002D95EE /* ContentView.swift */ = {isa = PBXFileReference; lastKnownFileType = sourcecode.swift; path = ContentView.swift; sourceTree = "<group>"; };
		884191F924352E1A002D95EE /* Assets.xcassets */ = {isa = PBXFileReference; lastKnownFileType = folder.assetcatalog; path = Assets.xcassets; sourceTree = "<group>"; };
		884191FC24352E1A002D95EE /* Preview Assets.xcassets */ = {isa = PBXFileReference; lastKnownFileType = folder.assetcatalog; path = "Preview Assets.xcassets"; sourceTree = "<group>"; };
		884191FF24352E1A002D95EE /* Base */ = {isa = PBXFileReference; lastKnownFileType = file.storyboard; name = Base; path = Base.lproj/LaunchScreen.storyboard; sourceTree = "<group>"; };
		8841920124352E1A002D95EE /* Info.plist */ = {isa = PBXFileReference; lastKnownFileType = text.plist.xml; path = Info.plist; sourceTree = "<group>"; };
		8841920624352E1A002D95EE /* CoffeeCalculatoriOSTests.xctest */ = {isa = PBXFileReference; explicitFileType = wrapper.cfbundle; includeInIndex = 0; path = CoffeeCalculatoriOSTests.xctest; sourceTree = BUILT_PRODUCTS_DIR; };
		8841920A24352E1A002D95EE /* TimerPlanModelTests.swift */ = {isa = PBXFileReference; lastKnownFileType = sourcecode.swift; path = TimerPlanModelTests.swift; sourceTree = "<group>"; };
		8841920C24352E1A002D95EE /* Info.plist */ = {isa = PBXFileReference; lastKnownFileType = text.plist.xml; path = Info.plist; sourceTree = "<group>"; };
		8841922524354ED9002D95EE /* CalculatorView.swift */ = {isa = PBXFileReference; lastKnownFileType = sourcecode.swift; path = CalculatorView.swift; sourceTree = "<group>"; };
		88419227243651EA002D95EE /* TimerSubscriber.swift */ = {isa = PBXFileReference; lastKnownFileType = sourcecode.swift; path = TimerSubscriber.swift; sourceTree = "<group>"; };
		8841922A243652E1002D95EE /* TimerPlanModel.swift */ = {isa = PBXFileReference; lastKnownFileType = sourcecode.swift; path = TimerPlanModel.swift; sourceTree = "<group>"; };
		8841922E243658C9002D95EE /* TimerView.swift */ = {isa = PBXFileReference; lastKnownFileType = sourcecode.swift; path = TimerView.swift; sourceTree = "<group>"; };
		8841923024365969002D95EE /* TimerPlanView.swift */ = {isa = PBXFileReference; lastKnownFileType = sourcecode.swift; path = TimerPlanView.swift; sourceTree = "<group>"; };
		8841923324366342002D95EE /* CaffeineView.swift */ = {isa = PBXFileReference; lastKnownFileType = sourcecode.swift; path = CaffeineView.swift; sourceTree = "<group>"; };
		8841923524366569002D95EE /* CoffeeCalculatoriOS.entitlements */ = {isa = PBXFileReference; lastKnownFileType = text.plist.entitlements; path = CoffeeCalculatoriOS.entitlements; sourceTree = "<group>"; };
		8841923624366569002D95EE /* HealthKit.framework */ = {isa = PBXFileReference; lastKnownFileType = wrapper.framework; name = HealthKit.framework; path = System/Library/Frameworks/HealthKit.framework; sourceTree = SDKROOT; };
		884192382436A6F8002D95EE /* HapticHolder.swift */ = {isa = PBXFileReference; lastKnownFileType = sourcecode.swift; path = HapticHolder.swift; sourceTree = "<group>"; };
		884630AF23F747F000C3CEC9 /* CalculatorViewModel.swift */ = {isa = PBXFileReference; lastKnownFileType = sourcecode.swift; path = CalculatorViewModel.swift; sourceTree = "<group>"; };
		884630B123F7481000C3CEC9 /* TimerHolder.swift */ = {isa = PBXFileReference; lastKnownFileType = sourcecode.swift; path = TimerHolder.swift; sourceTree = "<group>"; };
		884630B323F7482F00C3CEC9 /* ExtendedSessionHolder.swift */ = {isa = PBXFileReference; lastKnownFileType = sourcecode.swift; path = ExtendedSessionHolder.swift; sourceTree = "<group>"; };
		884631042404773400C3CEC9 /* CoffeeCalculator WatchKit Extension.entitlements */ = {isa = PBXFileReference; lastKnownFileType = text.plist.entitlements; path = "CoffeeCalculator WatchKit Extension.entitlements"; sourceTree = "<group>"; };
		884631062404773400C3CEC9 /* HealthKit.framework */ = {isa = PBXFileReference; lastKnownFileType = wrapper.framework; name = HealthKit.framework; path = Platforms/WatchOS.platform/Developer/SDKs/WatchOS6.1.sdk/System/Library/Frameworks/HealthKit.framework; sourceTree = DEVELOPER_DIR; };
		884631082404793C00C3CEC9 /* CaffeineView.swift */ = {isa = PBXFileReference; lastKnownFileType = sourcecode.swift; path = CaffeineView.swift; sourceTree = "<group>"; };
		8846314F2409D28200C3CEC9 /* TimerPlanView.swift */ = {isa = PBXFileReference; lastKnownFileType = sourcecode.swift; path = TimerPlanView.swift; sourceTree = "<group>"; };
		884631532409D3BC00C3CEC9 /* BrewPlanModel.swift */ = {isa = PBXFileReference; lastKnownFileType = sourcecode.swift; path = BrewPlanModel.swift; sourceTree = "<group>"; };
		88A045BB245CC30500993345 /* TimerPlanListView.swift */ = {isa = PBXFileReference; lastKnownFileType = sourcecode.swift; path = TimerPlanListView.swift; sourceTree = "<group>"; };
		88A045BD2460907100993345 /* TimerPlanAddView.swift */ = {isa = PBXFileReference; lastKnownFileType = sourcecode.swift; path = TimerPlanAddView.swift; sourceTree = "<group>"; };
		88A045BF2460A9B300993345 /* TimerStageEditView.swift */ = {isa = PBXFileReference; lastKnownFileType = sourcecode.swift; path = TimerStageEditView.swift; sourceTree = "<group>"; };
		88A0463F246302FA00993345 /* TimerPlanListView1.swift */ = {isa = PBXFileReference; lastKnownFileType = sourcecode.swift; path = TimerPlanListView1.swift; sourceTree = "<group>"; };
		88A046412463035400993345 /* TimerPlanView2.swift */ = {isa = PBXFileReference; lastKnownFileType = sourcecode.swift; path = TimerPlanView2.swift; sourceTree = "<group>"; };
		88A046432463036700993345 /* TimerStageEditView3.swift */ = {isa = PBXFileReference; lastKnownFileType = sourcecode.swift; path = TimerStageEditView3.swift; sourceTree = "<group>"; };
		88A046452463089400993345 /* TimerStageEditView3Wrap.swift */ = {isa = PBXFileReference; lastKnownFileType = sourcecode.swift; path = TimerStageEditView3Wrap.swift; sourceTree = "<group>"; };
		88A046472463118B00993345 /* TimerPlanRowView.swift */ = {isa = PBXFileReference; lastKnownFileType = sourcecode.swift; path = TimerPlanRowView.swift; sourceTree = "<group>"; };
		88A0464924631DB800993345 /* TimerPlanAddView1.swift */ = {isa = PBXFileReference; lastKnownFileType = sourcecode.swift; path = TimerPlanAddView1.swift; sourceTree = "<group>"; };
		88A0464B246320AA00993345 /* View+SheetBarItems.swift */ = {isa = PBXFileReference; lastKnownFileType = sourcecode.swift; path = "View+SheetBarItems.swift"; sourceTree = "<group>"; };
		88A0465524646B8B00993345 /* TimerPlanView2Wrap.swift */ = {isa = PBXFileReference; lastKnownFileType = sourcecode.swift; path = TimerPlanView2Wrap.swift; sourceTree = "<group>"; };
		88AD93EB2444E33700D5B4F7 /* SheetViewExtension.swift */ = {isa = PBXFileReference; lastKnownFileType = sourcecode.swift; path = SheetViewExtension.swift; sourceTree = "<group>"; };
		88AD93ED24455CFD00D5B4F7 /* ComplicationHandler.swift */ = {isa = PBXFileReference; lastKnownFileType = sourcecode.swift; path = ComplicationHandler.swift; sourceTree = "<group>"; };
		88AD93EF2446814600D5B4F7 /* HapticsHandler.swift */ = {isa = PBXFileReference; lastKnownFileType = sourcecode.swift; path = HapticsHandler.swift; sourceTree = "<group>"; };
		88AD93F5244BBC4D00D5B4F7 /* TimerStageListView.swift */ = {isa = PBXFileReference; lastKnownFileType = sourcecode.swift; path = TimerStageListView.swift; sourceTree = "<group>"; };
		88AD93F7244D15C700D5B4F7 /* TimelineView.swift */ = {isa = PBXFileReference; lastKnownFileType = sourcecode.swift; path = TimelineView.swift; sourceTree = "<group>"; };
		88AD93F92450D60400D5B4F7 /* TimerHolderTests.swift */ = {isa = PBXFileReference; lastKnownFileType = sourcecode.swift; path = TimerHolderTests.swift; sourceTree = "<group>"; };
		88AD9400245201B300D5B4F7 /* ExtendedRuntimeSessionable.swift */ = {isa = PBXFileReference; lastKnownFileType = sourcecode.swift; path = ExtendedRuntimeSessionable.swift; sourceTree = "<group>"; };
		88AD9403245202E700D5B4F7 /* ExtendedRuntimeSessionHandler.swift */ = {isa = PBXFileReference; lastKnownFileType = sourcecode.swift; path = ExtendedRuntimeSessionHandler.swift; sourceTree = "<group>"; };
		88AD940C2452105100D5B4F7 /* ExtendedSessionHolder.swift */ = {isa = PBXFileReference; lastKnownFileType = sourcecode.swift; path = ExtendedSessionHolder.swift; sourceTree = "<group>"; };
		88AD941124523CDA00D5B4F7 /* TimerStageListView.swift */ = {isa = PBXFileReference; lastKnownFileType = sourcecode.swift; path = TimerStageListView.swift; sourceTree = "<group>"; };
		88B4223823CF8EE80008707F /* CoffeeCalculator.app */ = {isa = PBXFileReference; explicitFileType = wrapper.application; includeInIndex = 0; path = CoffeeCalculator.app; sourceTree = BUILT_PRODUCTS_DIR; };
		88B4223C23CF8EE80008707F /* CoffeeCalculator WatchKit App.app */ = {isa = PBXFileReference; explicitFileType = wrapper.application; includeInIndex = 0; path = "CoffeeCalculator WatchKit App.app"; sourceTree = BUILT_PRODUCTS_DIR; };
		88B4224223CF8EE80008707F /* Base */ = {isa = PBXFileReference; lastKnownFileType = file.storyboard; name = Base; path = Base.lproj/Interface.storyboard; sourceTree = "<group>"; };
		88B4224423CF8EE90008707F /* Assets.xcassets */ = {isa = PBXFileReference; lastKnownFileType = folder.assetcatalog; path = Assets.xcassets; sourceTree = "<group>"; };
		88B4224623CF8EE90008707F /* Info.plist */ = {isa = PBXFileReference; lastKnownFileType = text.plist.xml; path = Info.plist; sourceTree = "<group>"; };
		88B4224B23CF8EE90008707F /* CoffeeCalculator WatchKit Extension.appex */ = {isa = PBXFileReference; explicitFileType = "wrapper.app-extension"; includeInIndex = 0; path = "CoffeeCalculator WatchKit Extension.appex"; sourceTree = BUILT_PRODUCTS_DIR; };
		88B4225023CF8EE90008707F /* ContentView.swift */ = {isa = PBXFileReference; lastKnownFileType = sourcecode.swift; path = ContentView.swift; sourceTree = "<group>"; };
		88B4225223CF8EE90008707F /* HostingController.swift */ = {isa = PBXFileReference; lastKnownFileType = sourcecode.swift; path = HostingController.swift; sourceTree = "<group>"; };
		88B4225423CF8EE90008707F /* ExtensionDelegate.swift */ = {isa = PBXFileReference; lastKnownFileType = sourcecode.swift; path = ExtensionDelegate.swift; sourceTree = "<group>"; };
		88B4225623CF8EE90008707F /* NotificationController.swift */ = {isa = PBXFileReference; lastKnownFileType = sourcecode.swift; path = NotificationController.swift; sourceTree = "<group>"; };
		88B4225823CF8EE90008707F /* NotificationView.swift */ = {isa = PBXFileReference; lastKnownFileType = sourcecode.swift; path = NotificationView.swift; sourceTree = "<group>"; };
		88B4225A23CF8EE90008707F /* ComplicationController.swift */ = {isa = PBXFileReference; lastKnownFileType = sourcecode.swift; path = ComplicationController.swift; sourceTree = "<group>"; };
		88B4225C23CF8EE90008707F /* Assets.xcassets */ = {isa = PBXFileReference; lastKnownFileType = folder.assetcatalog; path = Assets.xcassets; sourceTree = "<group>"; };
		88B4225F23CF8EE90008707F /* Preview Assets.xcassets */ = {isa = PBXFileReference; lastKnownFileType = folder.assetcatalog; path = "Preview Assets.xcassets"; sourceTree = "<group>"; };
		88B4226123CF8EE90008707F /* Info.plist */ = {isa = PBXFileReference; lastKnownFileType = text.plist.xml; path = Info.plist; sourceTree = "<group>"; };
		88B4226223CF8EE90008707F /* PushNotificationPayload.apns */ = {isa = PBXFileReference; lastKnownFileType = text; path = PushNotificationPayload.apns; sourceTree = "<group>"; };
		88B4227023D788630008707F /* TimerView.swift */ = {isa = PBXFileReference; lastKnownFileType = sourcecode.swift; path = TimerView.swift; sourceTree = "<group>"; };
		88B4227623DA21CF0008707F /* CalculatorView.swift */ = {isa = PBXFileReference; lastKnownFileType = sourcecode.swift; path = CalculatorView.swift; sourceTree = "<group>"; };
		88DC7134245A1EE600959CD8 /* HapticsHandler.swift */ = {isa = PBXFileReference; lastKnownFileType = sourcecode.swift; path = HapticsHandler.swift; sourceTree = "<group>"; };
/* End PBXFileReference section */

/* Begin PBXFrameworksBuildPhase section */
		884191EE24352E17002D95EE /* Frameworks */ = {
			isa = PBXFrameworksBuildPhase;
			buildActionMask = 2147483647;
			files = (
				8841923724366569002D95EE /* HealthKit.framework in Frameworks */,
			);
			runOnlyForDeploymentPostprocessing = 0;
		};
		8841920324352E1A002D95EE /* Frameworks */ = {
			isa = PBXFrameworksBuildPhase;
			buildActionMask = 2147483647;
			files = (
			);
			runOnlyForDeploymentPostprocessing = 0;
		};
		88B4224823CF8EE90008707F /* Frameworks */ = {
			isa = PBXFrameworksBuildPhase;
			buildActionMask = 2147483647;
			files = (
				884631072404773400C3CEC9 /* HealthKit.framework in Frameworks */,
			);
			runOnlyForDeploymentPostprocessing = 0;
		};
/* End PBXFrameworksBuildPhase section */

/* Begin PBXGroup section */
		884191F224352E17002D95EE /* CoffeeCalculatoriOS */ = {
			isa = PBXGroup;
			children = (
				884191F324352E17002D95EE /* AppDelegate.swift */,
				884191F524352E17002D95EE /* SceneDelegate.swift */,
				88AD940C2452105100D5B4F7 /* ExtendedSessionHolder.swift */,
				884192382436A6F8002D95EE /* HapticHolder.swift */,
				88DC7133245A1EC500959CD8 /* Subscribers */,
				88AD940E2452112E00D5B4F7 /* Views */,
				88A0464D2463245800993345 /* Extensions */,
				8841923524366569002D95EE /* CoffeeCalculatoriOS.entitlements */,
				884191F924352E1A002D95EE /* Assets.xcassets */,
				884191FE24352E1A002D95EE /* LaunchScreen.storyboard */,
				8841920124352E1A002D95EE /* Info.plist */,
				884191FB24352E1A002D95EE /* Preview Content */,
			);
			path = CoffeeCalculatoriOS;
			sourceTree = "<group>";
		};
		884191FB24352E1A002D95EE /* Preview Content */ = {
			isa = PBXGroup;
			children = (
				884191FC24352E1A002D95EE /* Preview Assets.xcassets */,
			);
			path = "Preview Content";
			sourceTree = "<group>";
		};
		8841920924352E1A002D95EE /* CoffeeCalculatoriOSTests */ = {
			isa = PBXGroup;
			children = (
				8841920A24352E1A002D95EE /* TimerPlanModelTests.swift */,
				88AD93F92450D60400D5B4F7 /* TimerHolderTests.swift */,
				8841920C24352E1A002D95EE /* Info.plist */,
			);
			path = CoffeeCalculatoriOSTests;
			sourceTree = "<group>";
		};
		8841922D24365792002D95EE /* Models */ = {
			isa = PBXGroup;
			children = (
				8841922A243652E1002D95EE /* TimerPlanModel.swift */,
				884631532409D3BC00C3CEC9 /* BrewPlanModel.swift */,
				882E863B247D804C00038E59 /* CoffeeCalculator.xcdatamodeld */,
				882E863F247D829100038E59 /* Plan+Extensions.swift */,
				882E8641247D82AC00038E59 /* Stage+Extensions.swift */,
			);
			path = Models;
			sourceTree = "<group>";
		};
		884631052404773400C3CEC9 /* Frameworks */ = {
			isa = PBXGroup;
			children = (
				8841923624366569002D95EE /* HealthKit.framework */,
				884631062404773400C3CEC9 /* HealthKit.framework */,
			);
			name = Frameworks;
			sourceTree = "<group>";
		};
		88A0464D2463245800993345 /* Extensions */ = {
			isa = PBXGroup;
			children = (
				88A0464B246320AA00993345 /* View+SheetBarItems.swift */,
			);
			path = Extensions;
			sourceTree = "<group>";
		};
		88AD93FD2451378900D5B4F7 /* Views */ = {
			isa = PBXGroup;
			children = (
				88AD93F7244D15C700D5B4F7 /* TimelineView.swift */,
			);
			path = Views;
			sourceTree = "<group>";
		};
		88AD93FF2452019400D5B4F7 /* Protocols */ = {
			isa = PBXGroup;
			children = (
				88AD9400245201B300D5B4F7 /* ExtendedRuntimeSessionable.swift */,
			);
			path = Protocols;
			sourceTree = "<group>";
		};
		88AD94092452071B00D5B4F7 /* Views */ = {
			isa = PBXGroup;
			children = (
				88AD93EB2444E33700D5B4F7 /* SheetViewExtension.swift */,
				88B4225823CF8EE90008707F /* NotificationView.swift */,
				88B4225023CF8EE90008707F /* ContentView.swift */,
				88B4227623DA21CF0008707F /* CalculatorView.swift */,
				8846314F2409D28200C3CEC9 /* TimerPlanView.swift */,
				88AD93F5244BBC4D00D5B4F7 /* TimerStageListView.swift */,
				88B4227023D788630008707F /* TimerView.swift */,
				884631082404793C00C3CEC9 /* CaffeineView.swift */,
			);
			path = Views;
			sourceTree = "<group>";
		};
		88AD940A245209D200D5B4F7 /* Subscribers */ = {
			isa = PBXGroup;
			children = (
				88AD93ED24455CFD00D5B4F7 /* ComplicationHandler.swift */,
				88AD93EF2446814600D5B4F7 /* HapticsHandler.swift */,
			);
			path = Subscribers;
			sourceTree = "<group>";
		};
		88AD940E2452112E00D5B4F7 /* Views */ = {
			isa = PBXGroup;
			children = (
				884191F724352E17002D95EE /* ContentView.swift */,
				88A045BB245CC30500993345 /* TimerPlanListView.swift */,
				88A0463F246302FA00993345 /* TimerPlanListView1.swift */,
				88A046472463118B00993345 /* TimerPlanRowView.swift */,
				88A045BD2460907100993345 /* TimerPlanAddView.swift */,
				88A0464924631DB800993345 /* TimerPlanAddView1.swift */,
				8841923024365969002D95EE /* TimerPlanView.swift */,
				88A0465524646B8B00993345 /* TimerPlanView2Wrap.swift */,
				88A046412463035400993345 /* TimerPlanView2.swift */,
				88AD941124523CDA00D5B4F7 /* TimerStageListView.swift */,
				88A045BF2460A9B300993345 /* TimerStageEditView.swift */,
				88A046452463089400993345 /* TimerStageEditView3Wrap.swift */,
				88A046432463036700993345 /* TimerStageEditView3.swift */,
				8841922E243658C9002D95EE /* TimerView.swift */,
				8841923324366342002D95EE /* CaffeineView.swift */,
				8841922524354ED9002D95EE /* CalculatorView.swift */,
			);
			path = Views;
			sourceTree = "<group>";
		};
		88AD940F2452160A00D5B4F7 /* Subscribers */ = {
			isa = PBXGroup;
			children = (
				88419227243651EA002D95EE /* TimerSubscriber.swift */,
				88AD9403245202E700D5B4F7 /* ExtendedRuntimeSessionHandler.swift */,
			);
			path = Subscribers;
			sourceTree = "<group>";
		};
		88AD9410245216CD00D5B4F7 /* Shared */ = {
			isa = PBXGroup;
			children = (
				884630B123F7481000C3CEC9 /* TimerHolder.swift */,
				88AD93FD2451378900D5B4F7 /* Views */,
				8841922D24365792002D95EE /* Models */,
				88AD93FF2452019400D5B4F7 /* Protocols */,
				88AD940F2452160A00D5B4F7 /* Subscribers */,
			);
			path = Shared;
			sourceTree = "<group>";
		};
		88B4223123CF8EE70008707F = {
			isa = PBXGroup;
			children = (
				88AD9410245216CD00D5B4F7 /* Shared */,
				88B4224023CF8EE80008707F /* CoffeeCalculator WatchKit App */,
				88B4224F23CF8EE90008707F /* CoffeeCalculator WatchKit Extension */,
				884191F224352E17002D95EE /* CoffeeCalculatoriOS */,
				8841920924352E1A002D95EE /* CoffeeCalculatoriOSTests */,
				88B4223923CF8EE80008707F /* Products */,
				884631052404773400C3CEC9 /* Frameworks */,
			);
			sourceTree = "<group>";
		};
		88B4223923CF8EE80008707F /* Products */ = {
			isa = PBXGroup;
			children = (
				88B4223823CF8EE80008707F /* CoffeeCalculator.app */,
				88B4223C23CF8EE80008707F /* CoffeeCalculator WatchKit App.app */,
				88B4224B23CF8EE90008707F /* CoffeeCalculator WatchKit Extension.appex */,
				884191F124352E17002D95EE /* CoffeeCalculatoriOS.app */,
				8841920624352E1A002D95EE /* CoffeeCalculatoriOSTests.xctest */,
			);
			name = Products;
			sourceTree = "<group>";
		};
		88B4224023CF8EE80008707F /* CoffeeCalculator WatchKit App */ = {
			isa = PBXGroup;
			children = (
				88B4224123CF8EE80008707F /* Interface.storyboard */,
				88B4224423CF8EE90008707F /* Assets.xcassets */,
				88B4224623CF8EE90008707F /* Info.plist */,
			);
			path = "CoffeeCalculator WatchKit App";
			sourceTree = "<group>";
		};
		88B4224F23CF8EE90008707F /* CoffeeCalculator WatchKit Extension */ = {
			isa = PBXGroup;
			children = (
				884631042404773400C3CEC9 /* CoffeeCalculator WatchKit Extension.entitlements */,
				88AD94092452071B00D5B4F7 /* Views */,
				88AD940A245209D200D5B4F7 /* Subscribers */,
				884630AF23F747F000C3CEC9 /* CalculatorViewModel.swift */,
				88B4225223CF8EE90008707F /* HostingController.swift */,
				88B4225423CF8EE90008707F /* ExtensionDelegate.swift */,
				88B4225623CF8EE90008707F /* NotificationController.swift */,
				88B4225A23CF8EE90008707F /* ComplicationController.swift */,
				884630B323F7482F00C3CEC9 /* ExtendedSessionHolder.swift */,
				88B4225C23CF8EE90008707F /* Assets.xcassets */,
				88B4226123CF8EE90008707F /* Info.plist */,
				88B4226223CF8EE90008707F /* PushNotificationPayload.apns */,
				88B4225E23CF8EE90008707F /* Preview Content */,
			);
			path = "CoffeeCalculator WatchKit Extension";
			sourceTree = "<group>";
		};
		88B4225E23CF8EE90008707F /* Preview Content */ = {
			isa = PBXGroup;
			children = (
				88B4225F23CF8EE90008707F /* Preview Assets.xcassets */,
			);
			path = "Preview Content";
			sourceTree = "<group>";
		};
		88DC7133245A1EC500959CD8 /* Subscribers */ = {
			isa = PBXGroup;
			children = (
				88DC7134245A1EE600959CD8 /* HapticsHandler.swift */,
			);
			path = Subscribers;
			sourceTree = "<group>";
		};
/* End PBXGroup section */

/* Begin PBXNativeTarget section */
		884191F024352E17002D95EE /* CoffeeCalculatoriOS */ = {
			isa = PBXNativeTarget;
			buildConfigurationList = 8841921E24352E1A002D95EE /* Build configuration list for PBXNativeTarget "CoffeeCalculatoriOS" */;
			buildPhases = (
				884191ED24352E17002D95EE /* Sources */,
				884191EE24352E17002D95EE /* Frameworks */,
				884191EF24352E17002D95EE /* Resources */,
			);
			buildRules = (
			);
			dependencies = (
			);
			name = CoffeeCalculatoriOS;
			productName = CoffeeCalculatoriOS;
			productReference = 884191F124352E17002D95EE /* CoffeeCalculatoriOS.app */;
			productType = "com.apple.product-type.application";
		};
		8841920524352E1A002D95EE /* CoffeeCalculatoriOSTests */ = {
			isa = PBXNativeTarget;
			buildConfigurationList = 8841921F24352E1A002D95EE /* Build configuration list for PBXNativeTarget "CoffeeCalculatoriOSTests" */;
			buildPhases = (
				8841920224352E1A002D95EE /* Sources */,
				8841920324352E1A002D95EE /* Frameworks */,
				8841920424352E1A002D95EE /* Resources */,
			);
			buildRules = (
			);
			dependencies = (
				8841920824352E1A002D95EE /* PBXTargetDependency */,
			);
			name = CoffeeCalculatoriOSTests;
			productName = CoffeeCalculatoriOSTests;
			productReference = 8841920624352E1A002D95EE /* CoffeeCalculatoriOSTests.xctest */;
			productType = "com.apple.product-type.bundle.unit-test";
		};
		88B4223723CF8EE80008707F /* CoffeeCalculator */ = {
			isa = PBXNativeTarget;
			buildConfigurationList = 88B4226D23CF8EE90008707F /* Build configuration list for PBXNativeTarget "CoffeeCalculator" */;
			buildPhases = (
				88B4223623CF8EE80008707F /* Resources */,
				88B4226C23CF8EE90008707F /* Embed Watch Content */,
			);
			buildRules = (
			);
			dependencies = (
				88B4223F23CF8EE80008707F /* PBXTargetDependency */,
			);
			name = CoffeeCalculator;
			productName = CoffeeCalculator;
			productReference = 88B4223823CF8EE80008707F /* CoffeeCalculator.app */;
			productType = "com.apple.product-type.application.watchapp2-container";
		};
		88B4223B23CF8EE80008707F /* CoffeeCalculator WatchKit App */ = {
			isa = PBXNativeTarget;
			buildConfigurationList = 88B4226923CF8EE90008707F /* Build configuration list for PBXNativeTarget "CoffeeCalculator WatchKit App" */;
			buildPhases = (
				88B4223A23CF8EE80008707F /* Resources */,
				88B4226823CF8EE90008707F /* Embed App Extensions */,
			);
			buildRules = (
			);
			dependencies = (
				88B4224E23CF8EE90008707F /* PBXTargetDependency */,
			);
			name = "CoffeeCalculator WatchKit App";
			productName = "CoffeeCalculator WatchKit App";
			productReference = 88B4223C23CF8EE80008707F /* CoffeeCalculator WatchKit App.app */;
			productType = "com.apple.product-type.application.watchapp2";
		};
		88B4224A23CF8EE90008707F /* CoffeeCalculator WatchKit Extension */ = {
			isa = PBXNativeTarget;
			buildConfigurationList = 88B4226523CF8EE90008707F /* Build configuration list for PBXNativeTarget "CoffeeCalculator WatchKit Extension" */;
			buildPhases = (
				88B4224723CF8EE90008707F /* Sources */,
				88B4224823CF8EE90008707F /* Frameworks */,
				88B4224923CF8EE90008707F /* Resources */,
			);
			buildRules = (
			);
			dependencies = (
			);
			name = "CoffeeCalculator WatchKit Extension";
			productName = "CoffeeCalculator WatchKit Extension";
			productReference = 88B4224B23CF8EE90008707F /* CoffeeCalculator WatchKit Extension.appex */;
			productType = "com.apple.product-type.watchkit2-extension";
		};
/* End PBXNativeTarget section */

/* Begin PBXProject section */
		88B4223223CF8EE70008707F /* Project object */ = {
			isa = PBXProject;
			attributes = {
				LastSwiftUpdateCheck = 1140;
				LastUpgradeCheck = 1130;
				ORGANIZATIONNAME = "Bill Paetzke";
				TargetAttributes = {
					884191F024352E17002D95EE = {
						CreatedOnToolsVersion = 11.4;
					};
					8841920524352E1A002D95EE = {
						CreatedOnToolsVersion = 11.4;
						TestTargetID = 884191F024352E17002D95EE;
					};
					88B4223723CF8EE80008707F = {
						CreatedOnToolsVersion = 11.3.1;
					};
					88B4223B23CF8EE80008707F = {
						CreatedOnToolsVersion = 11.3.1;
					};
					88B4224A23CF8EE90008707F = {
						CreatedOnToolsVersion = 11.3.1;
					};
				};
			};
			buildConfigurationList = 88B4223523CF8EE70008707F /* Build configuration list for PBXProject "CoffeeCalculator" */;
			compatibilityVersion = "Xcode 9.3";
			developmentRegion = en;
			hasScannedForEncodings = 0;
			knownRegions = (
				en,
				Base,
			);
			mainGroup = 88B4223123CF8EE70008707F;
			productRefGroup = 88B4223923CF8EE80008707F /* Products */;
			projectDirPath = "";
			projectRoot = "";
			targets = (
				88B4223723CF8EE80008707F /* CoffeeCalculator */,
				88B4223B23CF8EE80008707F /* CoffeeCalculator WatchKit App */,
				88B4224A23CF8EE90008707F /* CoffeeCalculator WatchKit Extension */,
				884191F024352E17002D95EE /* CoffeeCalculatoriOS */,
				8841920524352E1A002D95EE /* CoffeeCalculatoriOSTests */,
			);
		};
/* End PBXProject section */

/* Begin PBXResourcesBuildPhase section */
		884191EF24352E17002D95EE /* Resources */ = {
			isa = PBXResourcesBuildPhase;
			buildActionMask = 2147483647;
			files = (
				8841920024352E1A002D95EE /* LaunchScreen.storyboard in Resources */,
				884191FD24352E1A002D95EE /* Preview Assets.xcassets in Resources */,
				884191FA24352E1A002D95EE /* Assets.xcassets in Resources */,
			);
			runOnlyForDeploymentPostprocessing = 0;
		};
		8841920424352E1A002D95EE /* Resources */ = {
			isa = PBXResourcesBuildPhase;
			buildActionMask = 2147483647;
			files = (
			);
			runOnlyForDeploymentPostprocessing = 0;
		};
		88B4223623CF8EE80008707F /* Resources */ = {
			isa = PBXResourcesBuildPhase;
			buildActionMask = 2147483647;
			files = (
			);
			runOnlyForDeploymentPostprocessing = 0;
		};
		88B4223A23CF8EE80008707F /* Resources */ = {
			isa = PBXResourcesBuildPhase;
			buildActionMask = 2147483647;
			files = (
				88B4224523CF8EE90008707F /* Assets.xcassets in Resources */,
				88B4224323CF8EE80008707F /* Interface.storyboard in Resources */,
			);
			runOnlyForDeploymentPostprocessing = 0;
		};
		88B4224923CF8EE90008707F /* Resources */ = {
			isa = PBXResourcesBuildPhase;
			buildActionMask = 2147483647;
			files = (
				88B4226023CF8EE90008707F /* Preview Assets.xcassets in Resources */,
				88B4225D23CF8EE90008707F /* Assets.xcassets in Resources */,
			);
			runOnlyForDeploymentPostprocessing = 0;
		};
/* End PBXResourcesBuildPhase section */

/* Begin PBXSourcesBuildPhase section */
		884191ED24352E17002D95EE /* Sources */ = {
			isa = PBXSourcesBuildPhase;
			buildActionMask = 2147483647;
			files = (
				882E8644247D82F800038E59 /* Stage+Extensions.swift in Sources */,
				8841922F243658C9002D95EE /* TimerView.swift in Sources */,
				884192222435302B002D95EE /* BrewPlanModel.swift in Sources */,
				88A046482463118B00993345 /* TimerPlanRowView.swift in Sources */,
				884191F424352E17002D95EE /* AppDelegate.swift in Sources */,
				88A046422463035400993345 /* TimerPlanView2.swift in Sources */,
				882E863D247D804C00038E59 /* CoffeeCalculator.xcdatamodeld in Sources */,
				8841923124365969002D95EE /* TimerPlanView.swift in Sources */,
				88419229243651EA002D95EE /* TimerSubscriber.swift in Sources */,
				884191F624352E17002D95EE /* SceneDelegate.swift in Sources */,
				8841923424366342002D95EE /* CaffeineView.swift in Sources */,
				88A046462463089400993345 /* TimerStageEditView3Wrap.swift in Sources */,
				8841922C243652E1002D95EE /* TimerPlanModel.swift in Sources */,
				884192392436A6F8002D95EE /* HapticHolder.swift in Sources */,
				88A0464C246320AA00993345 /* View+SheetBarItems.swift in Sources */,
				88AD941224523CDA00D5B4F7 /* TimerStageListView.swift in Sources */,
				88A04640246302FA00993345 /* TimerPlanListView1.swift in Sources */,
				88AD940D2452105100D5B4F7 /* ExtendedSessionHolder.swift in Sources */,
				88A0464A24631DB800993345 /* TimerPlanAddView1.swift in Sources */,
				88A046442463036700993345 /* TimerStageEditView3.swift in Sources */,
				88A045C02460A9B300993345 /* TimerStageEditView.swift in Sources */,
				88A045BC245CC30500993345 /* TimerPlanListView.swift in Sources */,
				88AD9402245201B300D5B4F7 /* ExtendedRuntimeSessionable.swift in Sources */,
				88A045BE2460907100993345 /* TimerPlanAddView.swift in Sources */,
				884192232435342B002D95EE /* TimerHolder.swift in Sources */,
				8841922624354ED9002D95EE /* CalculatorView.swift in Sources */,
				882E8643247D82F400038E59 /* Plan+Extensions.swift in Sources */,
				884191F824352E17002D95EE /* ContentView.swift in Sources */,
				88AD93FE245137AC00D5B4F7 /* TimelineView.swift in Sources */,
				88AD9405245202E700D5B4F7 /* ExtendedRuntimeSessionHandler.swift in Sources */,
				88A0465624646B8B00993345 /* TimerPlanView2Wrap.swift in Sources */,
				88DC7135245A1EE600959CD8 /* HapticsHandler.swift in Sources */,
			);
			runOnlyForDeploymentPostprocessing = 0;
		};
		8841920224352E1A002D95EE /* Sources */ = {
			isa = PBXSourcesBuildPhase;
			buildActionMask = 2147483647;
			files = (
				8841920B24352E1A002D95EE /* TimerPlanModelTests.swift in Sources */,
				88AD93FA2450D60400D5B4F7 /* TimerHolderTests.swift in Sources */,
			);
			runOnlyForDeploymentPostprocessing = 0;
		};
		88B4224723CF8EE90008707F /* Sources */ = {
			isa = PBXSourcesBuildPhase;
			buildActionMask = 2147483647;
			files = (
				88AD93EE24455CFD00D5B4F7 /* ComplicationHandler.swift in Sources */,
				88B4227123D788630008707F /* TimerView.swift in Sources */,
				884630B223F7481000C3CEC9 /* TimerHolder.swift in Sources */,
				882E8640247D829100038E59 /* Plan+Extensions.swift in Sources */,
				88B4225323CF8EE90008707F /* HostingController.swift in Sources */,
				88B4225123CF8EE90008707F /* ContentView.swift in Sources */,
				88AD93F8244D15C700D5B4F7 /* TimelineView.swift in Sources */,
				884630B423F7482F00C3CEC9 /* ExtendedSessionHolder.swift in Sources */,
				884630B023F747F000C3CEC9 /* CalculatorViewModel.swift in Sources */,
				88B4225723CF8EE90008707F /* NotificationController.swift in Sources */,
				88AD9401245201B300D5B4F7 /* ExtendedRuntimeSessionable.swift in Sources */,
				88B4225523CF8EE90008707F /* ExtensionDelegate.swift in Sources */,
				882E8642247D82AC00038E59 /* Stage+Extensions.swift in Sources */,
				88AD93EC2444E33700D5B4F7 /* SheetViewExtension.swift in Sources */,
				88AD93F6244BBC4D00D5B4F7 /* TimerStageListView.swift in Sources */,
				884631092404793C00C3CEC9 /* CaffeineView.swift in Sources */,
				88B4227723DA21CF0008707F /* CalculatorView.swift in Sources */,
				88419228243651EA002D95EE /* TimerSubscriber.swift in Sources */,
				88AD93F02446814600D5B4F7 /* HapticsHandler.swift in Sources */,
				88B4225923CF8EE90008707F /* NotificationView.swift in Sources */,
				8841922B243652E1002D95EE /* TimerPlanModel.swift in Sources */,
				884631542409D3BC00C3CEC9 /* BrewPlanModel.swift in Sources */,
				88AD9404245202E700D5B4F7 /* ExtendedRuntimeSessionHandler.swift in Sources */,
				884631502409D28200C3CEC9 /* TimerPlanView.swift in Sources */,
				88B4225B23CF8EE90008707F /* ComplicationController.swift in Sources */,
				882E863E247D825F00038E59 /* CoffeeCalculator.xcdatamodeld in Sources */,
			);
			runOnlyForDeploymentPostprocessing = 0;
		};
/* End PBXSourcesBuildPhase section */

/* Begin PBXTargetDependency section */
		8841920824352E1A002D95EE /* PBXTargetDependency */ = {
			isa = PBXTargetDependency;
			target = 884191F024352E17002D95EE /* CoffeeCalculatoriOS */;
			targetProxy = 8841920724352E1A002D95EE /* PBXContainerItemProxy */;
		};
		88B4223F23CF8EE80008707F /* PBXTargetDependency */ = {
			isa = PBXTargetDependency;
			target = 88B4223B23CF8EE80008707F /* CoffeeCalculator WatchKit App */;
			targetProxy = 88B4223E23CF8EE80008707F /* PBXContainerItemProxy */;
		};
		88B4224E23CF8EE90008707F /* PBXTargetDependency */ = {
			isa = PBXTargetDependency;
			target = 88B4224A23CF8EE90008707F /* CoffeeCalculator WatchKit Extension */;
			targetProxy = 88B4224D23CF8EE90008707F /* PBXContainerItemProxy */;
		};
/* End PBXTargetDependency section */

/* Begin PBXVariantGroup section */
		884191FE24352E1A002D95EE /* LaunchScreen.storyboard */ = {
			isa = PBXVariantGroup;
			children = (
				884191FF24352E1A002D95EE /* Base */,
			);
			name = LaunchScreen.storyboard;
			sourceTree = "<group>";
		};
		88B4224123CF8EE80008707F /* Interface.storyboard */ = {
			isa = PBXVariantGroup;
			children = (
				88B4224223CF8EE80008707F /* Base */,
			);
			name = Interface.storyboard;
			sourceTree = "<group>";
		};
/* End PBXVariantGroup section */

/* Begin XCBuildConfiguration section */
		8841921824352E1A002D95EE /* Debug */ = {
			isa = XCBuildConfiguration;
			buildSettings = {
				ASSETCATALOG_COMPILER_APPICON_NAME = AppIcon;
				CODE_SIGN_ENTITLEMENTS = CoffeeCalculatoriOS/CoffeeCalculatoriOS.entitlements;
				CODE_SIGN_STYLE = Automatic;
				DEVELOPMENT_ASSET_PATHS = "\"CoffeeCalculatoriOS/Preview Content\"";
				DEVELOPMENT_TEAM = LSVA86Q34D;
				ENABLE_PREVIEWS = YES;
				INFOPLIST_FILE = CoffeeCalculatoriOS/Info.plist;
				IPHONEOS_DEPLOYMENT_TARGET = 13.4;
				LD_RUNPATH_SEARCH_PATHS = (
					"$(inherited)",
					"@executable_path/Frameworks",
				);
				PRODUCT_BUNDLE_IDENTIFIER = BillPaetzke.CoffeeCalculatoriOS;
				PRODUCT_NAME = "$(TARGET_NAME)";
				SWIFT_VERSION = 5.0;
				TARGETED_DEVICE_FAMILY = "1,2";
			};
			name = Debug;
		};
		8841921924352E1A002D95EE /* Release */ = {
			isa = XCBuildConfiguration;
			buildSettings = {
				ASSETCATALOG_COMPILER_APPICON_NAME = AppIcon;
				CODE_SIGN_ENTITLEMENTS = CoffeeCalculatoriOS/CoffeeCalculatoriOS.entitlements;
				CODE_SIGN_STYLE = Automatic;
				DEVELOPMENT_ASSET_PATHS = "\"CoffeeCalculatoriOS/Preview Content\"";
				DEVELOPMENT_TEAM = LSVA86Q34D;
				ENABLE_PREVIEWS = YES;
				INFOPLIST_FILE = CoffeeCalculatoriOS/Info.plist;
				IPHONEOS_DEPLOYMENT_TARGET = 13.4;
				LD_RUNPATH_SEARCH_PATHS = (
					"$(inherited)",
					"@executable_path/Frameworks",
				);
				PRODUCT_BUNDLE_IDENTIFIER = BillPaetzke.CoffeeCalculatoriOS;
				PRODUCT_NAME = "$(TARGET_NAME)";
				SWIFT_VERSION = 5.0;
				TARGETED_DEVICE_FAMILY = "1,2";
			};
			name = Release;
		};
		8841921A24352E1A002D95EE /* Debug */ = {
			isa = XCBuildConfiguration;
			buildSettings = {
				ALWAYS_EMBED_SWIFT_STANDARD_LIBRARIES = YES;
				BUNDLE_LOADER = "$(TEST_HOST)";
				CODE_SIGN_STYLE = Automatic;
				DEVELOPMENT_TEAM = LSVA86Q34D;
				INFOPLIST_FILE = CoffeeCalculatoriOSTests/Info.plist;
				IPHONEOS_DEPLOYMENT_TARGET = 13.4;
				LD_RUNPATH_SEARCH_PATHS = (
					"$(inherited)",
					"@executable_path/Frameworks",
					"@loader_path/Frameworks",
				);
				PRODUCT_BUNDLE_IDENTIFIER = BillPaetzke.CoffeeCalculatoriOSTests;
				PRODUCT_NAME = "$(TARGET_NAME)";
				SWIFT_VERSION = 5.0;
				TARGETED_DEVICE_FAMILY = "1,2";
				TEST_HOST = "$(BUILT_PRODUCTS_DIR)/CoffeeCalculatoriOS.app/CoffeeCalculatoriOS";
			};
			name = Debug;
		};
		8841921B24352E1A002D95EE /* Release */ = {
			isa = XCBuildConfiguration;
			buildSettings = {
				ALWAYS_EMBED_SWIFT_STANDARD_LIBRARIES = YES;
				BUNDLE_LOADER = "$(TEST_HOST)";
				CODE_SIGN_STYLE = Automatic;
				DEVELOPMENT_TEAM = LSVA86Q34D;
				INFOPLIST_FILE = CoffeeCalculatoriOSTests/Info.plist;
				IPHONEOS_DEPLOYMENT_TARGET = 13.4;
				LD_RUNPATH_SEARCH_PATHS = (
					"$(inherited)",
					"@executable_path/Frameworks",
					"@loader_path/Frameworks",
				);
				PRODUCT_BUNDLE_IDENTIFIER = BillPaetzke.CoffeeCalculatoriOSTests;
				PRODUCT_NAME = "$(TARGET_NAME)";
				SWIFT_VERSION = 5.0;
				TARGETED_DEVICE_FAMILY = "1,2";
				TEST_HOST = "$(BUILT_PRODUCTS_DIR)/CoffeeCalculatoriOS.app/CoffeeCalculatoriOS";
			};
			name = Release;
		};
		88B4226323CF8EE90008707F /* Debug */ = {
			isa = XCBuildConfiguration;
			buildSettings = {
				ALWAYS_SEARCH_USER_PATHS = NO;
				CLANG_ANALYZER_NONNULL = YES;
				CLANG_ANALYZER_NUMBER_OBJECT_CONVERSION = YES_AGGRESSIVE;
				CLANG_CXX_LANGUAGE_STANDARD = "gnu++14";
				CLANG_CXX_LIBRARY = "libc++";
				CLANG_ENABLE_MODULES = YES;
				CLANG_ENABLE_OBJC_ARC = YES;
				CLANG_ENABLE_OBJC_WEAK = YES;
				CLANG_WARN_BLOCK_CAPTURE_AUTORELEASING = YES;
				CLANG_WARN_BOOL_CONVERSION = YES;
				CLANG_WARN_COMMA = YES;
				CLANG_WARN_CONSTANT_CONVERSION = YES;
				CLANG_WARN_DEPRECATED_OBJC_IMPLEMENTATIONS = YES;
				CLANG_WARN_DIRECT_OBJC_ISA_USAGE = YES_ERROR;
				CLANG_WARN_DOCUMENTATION_COMMENTS = YES;
				CLANG_WARN_EMPTY_BODY = YES;
				CLANG_WARN_ENUM_CONVERSION = YES;
				CLANG_WARN_INFINITE_RECURSION = YES;
				CLANG_WARN_INT_CONVERSION = YES;
				CLANG_WARN_NON_LITERAL_NULL_CONVERSION = YES;
				CLANG_WARN_OBJC_IMPLICIT_RETAIN_SELF = YES;
				CLANG_WARN_OBJC_LITERAL_CONVERSION = YES;
				CLANG_WARN_OBJC_ROOT_CLASS = YES_ERROR;
				CLANG_WARN_RANGE_LOOP_ANALYSIS = YES;
				CLANG_WARN_STRICT_PROTOTYPES = YES;
				CLANG_WARN_SUSPICIOUS_MOVE = YES;
				CLANG_WARN_UNGUARDED_AVAILABILITY = YES_AGGRESSIVE;
				CLANG_WARN_UNREACHABLE_CODE = YES;
				CLANG_WARN__DUPLICATE_METHOD_MATCH = YES;
				COPY_PHASE_STRIP = NO;
				DEBUG_INFORMATION_FORMAT = dwarf;
				ENABLE_STRICT_OBJC_MSGSEND = YES;
				ENABLE_TESTABILITY = YES;
				GCC_C_LANGUAGE_STANDARD = gnu11;
				GCC_DYNAMIC_NO_PIC = NO;
				GCC_NO_COMMON_BLOCKS = YES;
				GCC_OPTIMIZATION_LEVEL = 0;
				GCC_PREPROCESSOR_DEFINITIONS = (
					"DEBUG=1",
					"$(inherited)",
				);
				GCC_WARN_64_TO_32_BIT_CONVERSION = YES;
				GCC_WARN_ABOUT_RETURN_TYPE = YES_ERROR;
				GCC_WARN_UNDECLARED_SELECTOR = YES;
				GCC_WARN_UNINITIALIZED_AUTOS = YES_AGGRESSIVE;
				GCC_WARN_UNUSED_FUNCTION = YES;
				GCC_WARN_UNUSED_VARIABLE = YES;
				MTL_ENABLE_DEBUG_INFO = INCLUDE_SOURCE;
				MTL_FAST_MATH = YES;
				ONLY_ACTIVE_ARCH = YES;
				SDKROOT = iphoneos;
				SWIFT_ACTIVE_COMPILATION_CONDITIONS = DEBUG;
				SWIFT_OPTIMIZATION_LEVEL = "-Onone";
			};
			name = Debug;
		};
		88B4226423CF8EE90008707F /* Release */ = {
			isa = XCBuildConfiguration;
			buildSettings = {
				ALWAYS_SEARCH_USER_PATHS = NO;
				CLANG_ANALYZER_NONNULL = YES;
				CLANG_ANALYZER_NUMBER_OBJECT_CONVERSION = YES_AGGRESSIVE;
				CLANG_CXX_LANGUAGE_STANDARD = "gnu++14";
				CLANG_CXX_LIBRARY = "libc++";
				CLANG_ENABLE_MODULES = YES;
				CLANG_ENABLE_OBJC_ARC = YES;
				CLANG_ENABLE_OBJC_WEAK = YES;
				CLANG_WARN_BLOCK_CAPTURE_AUTORELEASING = YES;
				CLANG_WARN_BOOL_CONVERSION = YES;
				CLANG_WARN_COMMA = YES;
				CLANG_WARN_CONSTANT_CONVERSION = YES;
				CLANG_WARN_DEPRECATED_OBJC_IMPLEMENTATIONS = YES;
				CLANG_WARN_DIRECT_OBJC_ISA_USAGE = YES_ERROR;
				CLANG_WARN_DOCUMENTATION_COMMENTS = YES;
				CLANG_WARN_EMPTY_BODY = YES;
				CLANG_WARN_ENUM_CONVERSION = YES;
				CLANG_WARN_INFINITE_RECURSION = YES;
				CLANG_WARN_INT_CONVERSION = YES;
				CLANG_WARN_NON_LITERAL_NULL_CONVERSION = YES;
				CLANG_WARN_OBJC_IMPLICIT_RETAIN_SELF = YES;
				CLANG_WARN_OBJC_LITERAL_CONVERSION = YES;
				CLANG_WARN_OBJC_ROOT_CLASS = YES_ERROR;
				CLANG_WARN_RANGE_LOOP_ANALYSIS = YES;
				CLANG_WARN_STRICT_PROTOTYPES = YES;
				CLANG_WARN_SUSPICIOUS_MOVE = YES;
				CLANG_WARN_UNGUARDED_AVAILABILITY = YES_AGGRESSIVE;
				CLANG_WARN_UNREACHABLE_CODE = YES;
				CLANG_WARN__DUPLICATE_METHOD_MATCH = YES;
				COPY_PHASE_STRIP = NO;
				DEBUG_INFORMATION_FORMAT = "dwarf-with-dsym";
				ENABLE_NS_ASSERTIONS = NO;
				ENABLE_STRICT_OBJC_MSGSEND = YES;
				GCC_C_LANGUAGE_STANDARD = gnu11;
				GCC_NO_COMMON_BLOCKS = YES;
				GCC_WARN_64_TO_32_BIT_CONVERSION = YES;
				GCC_WARN_ABOUT_RETURN_TYPE = YES_ERROR;
				GCC_WARN_UNDECLARED_SELECTOR = YES;
				GCC_WARN_UNINITIALIZED_AUTOS = YES_AGGRESSIVE;
				GCC_WARN_UNUSED_FUNCTION = YES;
				GCC_WARN_UNUSED_VARIABLE = YES;
				MTL_ENABLE_DEBUG_INFO = NO;
				MTL_FAST_MATH = YES;
				SDKROOT = iphoneos;
				SWIFT_COMPILATION_MODE = wholemodule;
				SWIFT_OPTIMIZATION_LEVEL = "-O";
				VALIDATE_PRODUCT = YES;
			};
			name = Release;
		};
		88B4226623CF8EE90008707F /* Debug */ = {
			isa = XCBuildConfiguration;
			buildSettings = {
				ASSETCATALOG_COMPILER_COMPLICATION_NAME = Complication;
				CODE_SIGN_ENTITLEMENTS = "CoffeeCalculator WatchKit Extension/CoffeeCalculator WatchKit Extension.entitlements";
				CODE_SIGN_STYLE = Automatic;
				DEVELOPMENT_ASSET_PATHS = "\"CoffeeCalculator WatchKit Extension/Preview Content\"";
				DEVELOPMENT_TEAM = LSVA86Q34D;
				ENABLE_PREVIEWS = YES;
				INFOPLIST_FILE = "CoffeeCalculator WatchKit Extension/Info.plist";
				LD_RUNPATH_SEARCH_PATHS = (
					"$(inherited)",
					"@executable_path/Frameworks",
					"@executable_path/../../Frameworks",
				);
				PRODUCT_BUNDLE_IDENTIFIER = BillPaetzke.CoffeeCalculator.watchkitapp.watchkitextension;
				PRODUCT_NAME = "${TARGET_NAME}";
				SDKROOT = watchos;
				SKIP_INSTALL = YES;
				SWIFT_VERSION = 5.0;
				TARGETED_DEVICE_FAMILY = 4;
				WATCHOS_DEPLOYMENT_TARGET = 6.2;
			};
			name = Debug;
		};
		88B4226723CF8EE90008707F /* Release */ = {
			isa = XCBuildConfiguration;
			buildSettings = {
				ASSETCATALOG_COMPILER_COMPLICATION_NAME = Complication;
				CODE_SIGN_ENTITLEMENTS = "CoffeeCalculator WatchKit Extension/CoffeeCalculator WatchKit Extension.entitlements";
				CODE_SIGN_STYLE = Automatic;
				DEVELOPMENT_ASSET_PATHS = "\"CoffeeCalculator WatchKit Extension/Preview Content\"";
				DEVELOPMENT_TEAM = LSVA86Q34D;
				ENABLE_PREVIEWS = YES;
				INFOPLIST_FILE = "CoffeeCalculator WatchKit Extension/Info.plist";
				LD_RUNPATH_SEARCH_PATHS = (
					"$(inherited)",
					"@executable_path/Frameworks",
					"@executable_path/../../Frameworks",
				);
				PRODUCT_BUNDLE_IDENTIFIER = BillPaetzke.CoffeeCalculator.watchkitapp.watchkitextension;
				PRODUCT_NAME = "${TARGET_NAME}";
				SDKROOT = watchos;
				SKIP_INSTALL = YES;
				SWIFT_VERSION = 5.0;
				TARGETED_DEVICE_FAMILY = 4;
				WATCHOS_DEPLOYMENT_TARGET = 6.2;
			};
			name = Release;
		};
		88B4226A23CF8EE90008707F /* Debug */ = {
			isa = XCBuildConfiguration;
			buildSettings = {
				ALWAYS_EMBED_SWIFT_STANDARD_LIBRARIES = YES;
				ASSETCATALOG_COMPILER_APPICON_NAME = AppIcon;
				CODE_SIGN_STYLE = Automatic;
				DEVELOPMENT_TEAM = LSVA86Q34D;
				IBSC_MODULE = CoffeeCalculator_WatchKit_Extension;
				INFOPLIST_FILE = "CoffeeCalculator WatchKit App/Info.plist";
				PRODUCT_BUNDLE_IDENTIFIER = BillPaetzke.CoffeeCalculator.watchkitapp;
				PRODUCT_NAME = "$(TARGET_NAME)";
				SDKROOT = watchos;
				SKIP_INSTALL = YES;
				SWIFT_VERSION = 5.2;
				TARGETED_DEVICE_FAMILY = 4;
				WATCHOS_DEPLOYMENT_TARGET = 6.2;
			};
			name = Debug;
		};
		88B4226B23CF8EE90008707F /* Release */ = {
			isa = XCBuildConfiguration;
			buildSettings = {
				ALWAYS_EMBED_SWIFT_STANDARD_LIBRARIES = YES;
				ASSETCATALOG_COMPILER_APPICON_NAME = AppIcon;
				CODE_SIGN_STYLE = Automatic;
				DEVELOPMENT_TEAM = LSVA86Q34D;
				IBSC_MODULE = CoffeeCalculator_WatchKit_Extension;
				INFOPLIST_FILE = "CoffeeCalculator WatchKit App/Info.plist";
				PRODUCT_BUNDLE_IDENTIFIER = BillPaetzke.CoffeeCalculator.watchkitapp;
				PRODUCT_NAME = "$(TARGET_NAME)";
				SDKROOT = watchos;
				SKIP_INSTALL = YES;
				SWIFT_VERSION = 5.2;
				TARGETED_DEVICE_FAMILY = 4;
				WATCHOS_DEPLOYMENT_TARGET = 6.2;
			};
			name = Release;
		};
		88B4226E23CF8EE90008707F /* Debug */ = {
			isa = XCBuildConfiguration;
			buildSettings = {
				CODE_SIGN_STYLE = Automatic;
				CURRENT_PROJECT_VERSION = 1;
				DEVELOPMENT_TEAM = LSVA86Q34D;
				MARKETING_VERSION = 1.0;
				PRODUCT_BUNDLE_IDENTIFIER = BillPaetzke.CoffeeCalculator;
				PRODUCT_NAME = "$(TARGET_NAME)";
				SWIFT_VERSION = 5.2;
			};
			name = Debug;
		};
		88B4226F23CF8EE90008707F /* Release */ = {
			isa = XCBuildConfiguration;
			buildSettings = {
				CODE_SIGN_STYLE = Automatic;
				CURRENT_PROJECT_VERSION = 1;
				DEVELOPMENT_TEAM = LSVA86Q34D;
				MARKETING_VERSION = 1.0;
				PRODUCT_BUNDLE_IDENTIFIER = BillPaetzke.CoffeeCalculator;
				PRODUCT_NAME = "$(TARGET_NAME)";
				SWIFT_VERSION = 5.2;
			};
			name = Release;
		};
/* End XCBuildConfiguration section */

/* Begin XCConfigurationList section */
		8841921E24352E1A002D95EE /* Build configuration list for PBXNativeTarget "CoffeeCalculatoriOS" */ = {
			isa = XCConfigurationList;
			buildConfigurations = (
				8841921824352E1A002D95EE /* Debug */,
				8841921924352E1A002D95EE /* Release */,
			);
			defaultConfigurationIsVisible = 0;
			defaultConfigurationName = Release;
		};
		8841921F24352E1A002D95EE /* Build configuration list for PBXNativeTarget "CoffeeCalculatoriOSTests" */ = {
			isa = XCConfigurationList;
			buildConfigurations = (
				8841921A24352E1A002D95EE /* Debug */,
				8841921B24352E1A002D95EE /* Release */,
			);
			defaultConfigurationIsVisible = 0;
			defaultConfigurationName = Release;
		};
		88B4223523CF8EE70008707F /* Build configuration list for PBXProject "CoffeeCalculator" */ = {
			isa = XCConfigurationList;
			buildConfigurations = (
				88B4226323CF8EE90008707F /* Debug */,
				88B4226423CF8EE90008707F /* Release */,
			);
			defaultConfigurationIsVisible = 0;
			defaultConfigurationName = Release;
		};
		88B4226523CF8EE90008707F /* Build configuration list for PBXNativeTarget "CoffeeCalculator WatchKit Extension" */ = {
			isa = XCConfigurationList;
			buildConfigurations = (
				88B4226623CF8EE90008707F /* Debug */,
				88B4226723CF8EE90008707F /* Release */,
			);
			defaultConfigurationIsVisible = 0;
			defaultConfigurationName = Release;
		};
		88B4226923CF8EE90008707F /* Build configuration list for PBXNativeTarget "CoffeeCalculator WatchKit App" */ = {
			isa = XCConfigurationList;
			buildConfigurations = (
				88B4226A23CF8EE90008707F /* Debug */,
				88B4226B23CF8EE90008707F /* Release */,
			);
			defaultConfigurationIsVisible = 0;
			defaultConfigurationName = Release;
		};
		88B4226D23CF8EE90008707F /* Build configuration list for PBXNativeTarget "CoffeeCalculator" */ = {
			isa = XCConfigurationList;
			buildConfigurations = (
				88B4226E23CF8EE90008707F /* Debug */,
				88B4226F23CF8EE90008707F /* Release */,
			);
			defaultConfigurationIsVisible = 0;
			defaultConfigurationName = Release;
		};
/* End XCConfigurationList section */

/* Begin XCVersionGroup section */
		882E863B247D804C00038E59 /* CoffeeCalculator.xcdatamodeld */ = {
			isa = XCVersionGroup;
			children = (
				882E863C247D804C00038E59 /* CoffeeCalculator.xcdatamodel */,
			);
			currentVersion = 882E863C247D804C00038E59 /* CoffeeCalculator.xcdatamodel */;
			path = CoffeeCalculator.xcdatamodeld;
			sourceTree = "<group>";
			versionGroupType = wrapper.xcdatamodel;
		};
/* End XCVersionGroup section */
	};
	rootObject = 88B4223223CF8EE70008707F /* Project object */;
}
